
Microsoft Visual Studio Solution File, Format Version 12.00
# Visual Studio Version 16
VisualStudioVersion = 16.0.29409.12
MinimumVisualStudioVersion = 10.0.40219.1
Project("{FAE04EC0-301F-11D3-BF4B-00C04F79EFBC}") = "ReplacementCipher", "ReplacementCipher.csproj", "{E1A8105E-26A4-446F-B409-4903227860BB}"
EndProject
Global
	GlobalSection(SolutionConfigurationPlatforms) = preSolution
		Debug|Any CPU = Debug|Any CPU
		Release|Any CPU = Release|Any CPU
	EndGlobalSection
	GlobalSection(ProjectConfigurationPlatforms) = postSolution
		{E1A8105E-26A4-446F-B409-4903227860BB}.Debug|Any CPU.ActiveCfg = Debug|Any CPU
		{E1A8105E-26A4-446F-B409-4903227860BB}.Debug|Any CPU.Build.0 = Debug|Any CPU
		{E1A8105E-26A4-446F-B409-4903227860BB}.Release|Any CPU.ActiveCfg = Release|Any CPU
		{E1A8105E-26A4-446F-B409-4903227860BB}.Release|Any CPU.Build.0 = Release|Any CPU
	EndGlobalSection
	GlobalSection(SolutionProperties) = preSolution
		HideSolutionNode = FALSE
	EndGlobalSection
	GlobalSection(ExtensibilityGlobals) = postSolution
		SolutionGuid = {2E5D567E-7ED3-4D1C-B71E-C55FA849B9D9}
	EndGlobalSection
EndGlobal
